
Microsoft Visual Studio Solution File, Format Version 12.00
# Visual Studio Version 16
VisualStudioVersion = 16.0.29728.190
MinimumVisualStudioVersion = 10.0.40219.1
Project("{FAE04EC0-301F-11D3-BF4B-00C04F79EFBC}") = "ApiAuthentication.Basic", "ApiAuthentication.Basic\ApiAuthentication.Basic.csproj", "{DE9A4154-69B3-4E18-8085-3DCE2099396A}"
EndProject
Global
	GlobalSection(SolutionConfigurationPlatforms) = preSolution
		Debug|Any CPU = Debug|Any CPU
		Release|Any CPU = Release|Any CPU
	EndGlobalSection
	GlobalSection(ProjectConfigurationPlatforms) = postSolution
		{DE9A4154-69B3-4E18-8085-3DCE2099396A}.Debug|Any CPU.ActiveCfg = Debug|Any CPU
		{DE9A4154-69B3-4E18-8085-3DCE2099396A}.Debug|Any CPU.Build.0 = Debug|Any CPU
		{DE9A4154-69B3-4E18-8085-3DCE2099396A}.Release|Any CPU.ActiveCfg = Release|Any CPU
		{DE9A4154-69B3-4E18-8085-3DCE2099396A}.Release|Any CPU.Build.0 = Release|Any CPU
	EndGlobalSection
	GlobalSection(SolutionProperties) = preSolution
		HideSolutionNode = FALSE
	EndGlobalSection
	GlobalSection(ExtensibilityGlobals) = postSolution
		SolutionGuid = {65312FD6-A13D-476A-A410-A53E31592CBE}
	EndGlobalSection
EndGlobal
